// !$*UTF8*$!
{
	archiveVersion = 1;
	classes = {
	};
	objectVersion = 77;
	objects = {

/* Begin PBXBuildFile section */
		00F47F552DB3FC2500F6F9F1 /* RealmSwift in Frameworks */ = {isa = PBXBuildFile; productRef = 00F47F542DB3FC2500F6F9F1 /* RealmSwift */; };
		F0B2EEC82DA9280500F8D323 /* LightweightCharts in Frameworks */ = {isa = PBXBuildFile; productRef = F0B2EEC72DA9280500F8D323 /* LightweightCharts */; };
		F0B2EECB2DA9285000F8D323 /* Starscream in Frameworks */ = {isa = PBXBuildFile; productRef = F0B2EECA2DA9285000F8D323 /* Starscream */; };
/* End PBXBuildFile section */

/* Begin PBXContainerItemProxy section */
		0052AC2D2DA6C7D900D4BBDC /* PBXContainerItemProxy */ = {
			isa = PBXContainerItemProxy;
			containerPortal = 0052AC142DA6C7D800D4BBDC /* Project object */;
			proxyType = 1;
			remoteGlobalIDString = 0052AC1B2DA6C7D800D4BBDC;
			remoteInfo = CryptoTradingDemo;
		};
		0052AC372DA6C7D900D4BBDC /* PBXContainerItemProxy */ = {
			isa = PBXContainerItemProxy;
			containerPortal = 0052AC142DA6C7D800D4BBDC /* Project object */;
			proxyType = 1;
			remoteGlobalIDString = 0052AC1B2DA6C7D800D4BBDC;
			remoteInfo = CryptoTradingDemo;
		};
/* End PBXContainerItemProxy section */

/* Begin PBXFileReference section */
		0052AC1C2DA6C7D800D4BBDC /* CryptoTradingDemo.app */ = {isa = PBXFileReference; explicitFileType = wrapper.application; includeInIndex = 0; path = CryptoTradingDemo.app; sourceTree = BUILT_PRODUCTS_DIR; };
		0052AC2C2DA6C7D900D4BBDC /* CryptoTradingDemoTests.xctest */ = {isa = PBXFileReference; explicitFileType = wrapper.cfbundle; includeInIndex = 0; path = CryptoTradingDemoTests.xctest; sourceTree = BUILT_PRODUCTS_DIR; };
		0052AC362DA6C7D900D4BBDC /* CryptoTradingDemoUITests.xctest */ = {isa = PBXFileReference; explicitFileType = wrapper.cfbundle; includeInIndex = 0; path = CryptoTradingDemoUITests.xctest; sourceTree = BUILT_PRODUCTS_DIR; };
/* End PBXFileReference section */

/* Begin PBXFileSystemSynchronizedRootGroup section */
		0052AC1E2DA6C7D800D4BBDC /* CryptoTradingDemo */ = {
			isa = PBXFileSystemSynchronizedRootGroup;
			path = CryptoTradingDemo;
			sourceTree = "<group>";
		};
		0052AC2F2DA6C7D900D4BBDC /* CryptoTradingDemoTests */ = {
			isa = PBXFileSystemSynchronizedRootGroup;
			path = CryptoTradingDemoTests;
			sourceTree = "<group>";
		};
		0052AC392DA6C7D900D4BBDC /* CryptoTradingDemoUITests */ = {
			isa = PBXFileSystemSynchronizedRootGroup;
			path = CryptoTradingDemoUITests;
			sourceTree = "<group>";
		};
/* End PBXFileSystemSynchronizedRootGroup section */

/* Begin PBXFrameworksBuildPhase section */
		0052AC192DA6C7D800D4BBDC /* Frameworks */ = {
			isa = PBXFrameworksBuildPhase;
			buildActionMask = 2147483647;
			files = (
				00F47F552DB3FC2500F6F9F1 /* RealmSwift in Frameworks */,
				F0B2EEC82DA9280500F8D323 /* LightweightCharts in Frameworks */,
				F0B2EECB2DA9285000F8D323 /* Starscream in Frameworks */,
			);
			runOnlyForDeploymentPostprocessing = 0;
		};
		0052AC292DA6C7D900D4BBDC /* Frameworks */ = {
			isa = PBXFrameworksBuildPhase;
			buildActionMask = 2147483647;
			files = (
			);
			runOnlyForDeploymentPostprocessing = 0;
		};
		0052AC332DA6C7D900D4BBDC /* Frameworks */ = {
			isa = PBXFrameworksBuildPhase;
			buildActionMask = 2147483647;
			files = (
			);
			runOnlyForDeploymentPostprocessing = 0;
		};
/* End PBXFrameworksBuildPhase section */

/* Begin PBXGroup section */
		0052AC132DA6C7D700D4BBDC = {
			isa = PBXGroup;
			children = (
				0052AC1E2DA6C7D800D4BBDC /* CryptoTradingDemo */,
				0052AC2F2DA6C7D900D4BBDC /* CryptoTradingDemoTests */,
				0052AC392DA6C7D900D4BBDC /* CryptoTradingDemoUITests */,
				0052AC1D2DA6C7D800D4BBDC /* Products */,
			);
			sourceTree = "<group>";
		};
		0052AC1D2DA6C7D800D4BBDC /* Products */ = {
			isa = PBXGroup;
			children = (
				0052AC1C2DA6C7D800D4BBDC /* CryptoTradingDemo.app */,
				0052AC2C2DA6C7D900D4BBDC /* CryptoTradingDemoTests.xctest */,
				0052AC362DA6C7D900D4BBDC /* CryptoTradingDemoUITests.xctest */,
			);
			name = Products;
			sourceTree = "<group>";
		};
/* End PBXGroup section */

/* Begin PBXNativeTarget section */
		0052AC1B2DA6C7D800D4BBDC /* CryptoTradingDemo */ = {
			isa = PBXNativeTarget;
			buildConfigurationList = 0052AC402DA6C7D900D4BBDC /* Build configuration list for PBXNativeTarget "CryptoTradingDemo" */;
			buildPhases = (
				0052AC182DA6C7D800D4BBDC /* Sources */,
				0052AC192DA6C7D800D4BBDC /* Frameworks */,
				0052AC1A2DA6C7D800D4BBDC /* Resources */,
			);
			buildRules = (
			);
			dependencies = (
			);
			fileSystemSynchronizedGroups = (
				0052AC1E2DA6C7D800D4BBDC /* CryptoTradingDemo */,
			);
			name = CryptoTradingDemo;
			packageProductDependencies = (
				F0B2EEC72DA9280500F8D323 /* LightweightCharts */,
				F0B2EECA2DA9285000F8D323 /* Starscream */,
				00F47F542DB3FC2500F6F9F1 /* RealmSwift */,
			);
			productName = CryptoTradingDemo;
			productReference = 0052AC1C2DA6C7D800D4BBDC /* CryptoTradingDemo.app */;
			productType = "com.apple.product-type.application";
		};
		0052AC2B2DA6C7D900D4BBDC /* CryptoTradingDemoTests */ = {
			isa = PBXNativeTarget;
			buildConfigurationList = 0052AC432DA6C7D900D4BBDC /* Build configuration list for PBXNativeTarget "CryptoTradingDemoTests" */;
			buildPhases = (
				0052AC282DA6C7D900D4BBDC /* Sources */,
				0052AC292DA6C7D900D4BBDC /* Frameworks */,
				0052AC2A2DA6C7D900D4BBDC /* Resources */,
			);
			buildRules = (
			);
			dependencies = (
				0052AC2E2DA6C7D900D4BBDC /* PBXTargetDependency */,
			);
			fileSystemSynchronizedGroups = (
				0052AC2F2DA6C7D900D4BBDC /* CryptoTradingDemoTests */,
			);
			name = CryptoTradingDemoTests;
			packageProductDependencies = (
			);
			productName = CryptoTradingDemoTests;
			productReference = 0052AC2C2DA6C7D900D4BBDC /* CryptoTradingDemoTests.xctest */;
			productType = "com.apple.product-type.bundle.unit-test";
		};
		0052AC352DA6C7D900D4BBDC /* CryptoTradingDemoUITests */ = {
			isa = PBXNativeTarget;
			buildConfigurationList = 0052AC462DA6C7D900D4BBDC /* Build configuration list for PBXNativeTarget "CryptoTradingDemoUITests" */;
			buildPhases = (
				0052AC322DA6C7D900D4BBDC /* Sources */,
				0052AC332DA6C7D900D4BBDC /* Frameworks */,
				0052AC342DA6C7D900D4BBDC /* Resources */,
			);
			buildRules = (
			);
			dependencies = (
				0052AC382DA6C7D900D4BBDC /* PBXTargetDependency */,
			);
			fileSystemSynchronizedGroups = (
				0052AC392DA6C7D900D4BBDC /* CryptoTradingDemoUITests */,
			);
			name = CryptoTradingDemoUITests;
			packageProductDependencies = (
			);
			productName = CryptoTradingDemoUITests;
			productReference = 0052AC362DA6C7D900D4BBDC /* CryptoTradingDemoUITests.xctest */;
			productType = "com.apple.product-type.bundle.ui-testing";
		};
/* End PBXNativeTarget section */

/* Begin PBXProject section */
		0052AC142DA6C7D800D4BBDC /* Project object */ = {
			isa = PBXProject;
			attributes = {
				BuildIndependentTargetsInParallel = 1;
				LastSwiftUpdateCheck = 1600;
				LastUpgradeCheck = 1600;
				TargetAttributes = {
					0052AC1B2DA6C7D800D4BBDC = {
						CreatedOnToolsVersion = 16.0;
					};
					0052AC2B2DA6C7D900D4BBDC = {
						CreatedOnToolsVersion = 16.0;
						TestTargetID = 0052AC1B2DA6C7D800D4BBDC;
					};
					0052AC352DA6C7D900D4BBDC = {
						CreatedOnToolsVersion = 16.0;
						TestTargetID = 0052AC1B2DA6C7D800D4BBDC;
					};
				};
			};
			buildConfigurationList = 0052AC172DA6C7D800D4BBDC /* Build configuration list for PBXProject "CryptoTradingDemo" */;
			developmentRegion = en;
			hasScannedForEncodings = 0;
			knownRegions = (
				en,
				Base,
			);
			mainGroup = 0052AC132DA6C7D700D4BBDC;
			minimizedProjectReferenceProxies = 1;
			packageReferences = (
				F0B2EEC62DA9280500F8D323 /* XCRemoteSwiftPackageReference "LightweightChartsIOS" */,
				F0B2EEC92DA9285000F8D323 /* XCRemoteSwiftPackageReference "Starscream" */,
				00F47F532DB3FC2500F6F9F1 /* XCRemoteSwiftPackageReference "realm-swift" */,
			);
			preferredProjectObjectVersion = 77;
			productRefGroup = 0052AC1D2DA6C7D800D4BBDC /* Products */;
			projectDirPath = "";
			projectRoot = "";
			targets = (
				0052AC1B2DA6C7D800D4BBDC /* CryptoTradingDemo */,
				0052AC2B2DA6C7D900D4BBDC /* CryptoTradingDemoTests */,
				0052AC352DA6C7D900D4BBDC /* CryptoTradingDemoUITests */,
			);
		};
/* End PBXProject section */

/* Begin PBXResourcesBuildPhase section */
		0052AC1A2DA6C7D800D4BBDC /* Resources */ = {
			isa = PBXResourcesBuildPhase;
			buildActionMask = 2147483647;
			files = (
			);
			runOnlyForDeploymentPostprocessing = 0;
		};
		0052AC2A2DA6C7D900D4BBDC /* Resources */ = {
			isa = PBXResourcesBuildPhase;
			buildActionMask = 2147483647;
			files = (
			);
			runOnlyForDeploymentPostprocessing = 0;
		};
		0052AC342DA6C7D900D4BBDC /* Resources */ = {
			isa = PBXResourcesBuildPhase;
			buildActionMask = 2147483647;
			files = (
			);
			runOnlyForDeploymentPostprocessing = 0;
		};
/* End PBXResourcesBuildPhase section */

/* Begin PBXSourcesBuildPhase section */
		0052AC182DA6C7D800D4BBDC /* Sources */ = {
			isa = PBXSourcesBuildPhase;
			buildActionMask = 2147483647;
			files = (
			);
			runOnlyForDeploymentPostprocessing = 0;
		};
		0052AC282DA6C7D900D4BBDC /* Sources */ = {
			isa = PBXSourcesBuildPhase;
			buildActionMask = 2147483647;
			files = (
			);
			runOnlyForDeploymentPostprocessing = 0;
		};
		0052AC322DA6C7D900D4BBDC /* Sources */ = {
			isa = PBXSourcesBuildPhase;
			buildActionMask = 2147483647;
			files = (
			);
			runOnlyForDeploymentPostprocessing = 0;
		};
/* End PBXSourcesBuildPhase section */

/* Begin PBXTargetDependency section */
		0052AC2E2DA6C7D900D4BBDC /* PBXTargetDependency */ = {
			isa = PBXTargetDependency;
			target = 0052AC1B2DA6C7D800D4BBDC /* CryptoTradingDemo */;
			targetProxy = 0052AC2D2DA6C7D900D4BBDC /* PBXContainerItemProxy */;
		};
		0052AC382DA6C7D900D4BBDC /* PBXTargetDependency */ = {
			isa = PBXTargetDependency;
			target = 0052AC1B2DA6C7D800D4BBDC /* CryptoTradingDemo */;
			targetProxy = 0052AC372DA6C7D900D4BBDC /* PBXContainerItemProxy */;
		};
/* End PBXTargetDependency section */

/* Begin XCBuildConfiguration section */
		0052AC3E2DA6C7D900D4BBDC /* Debug */ = {
			isa = XCBuildConfiguration;
			buildSettings = {
				ALWAYS_SEARCH_USER_PATHS = NO;
				ASSETCATALOG_COMPILER_GENERATE_SWIFT_ASSET_SYMBOL_EXTENSIONS = YES;
				CLANG_ANALYZER_NONNULL = YES;
				CLANG_ANALYZER_NUMBER_OBJECT_CONVERSION = YES_AGGRESSIVE;
				CLANG_CXX_LANGUAGE_STANDARD = "gnu++20";
				CLANG_ENABLE_MODULES = YES;
				CLANG_ENABLE_OBJC_ARC = YES;
				CLANG_ENABLE_OBJC_WEAK = YES;
				CLANG_WARN_BLOCK_CAPTURE_AUTORELEASING = YES;
				CLANG_WARN_BOOL_CONVERSION = YES;
				CLANG_WARN_COMMA = YES;
				CLANG_WARN_CONSTANT_CONVERSION = YES;
				CLANG_WARN_DEPRECATED_OBJC_IMPLEMENTATIONS = YES;
				CLANG_WARN_DIRECT_OBJC_ISA_USAGE = YES_ERROR;
				CLANG_WARN_DOCUMENTATION_COMMENTS = YES;
				CLANG_WARN_EMPTY_BODY = YES;
				CLANG_WARN_ENUM_CONVERSION = YES;
				CLANG_WARN_INFINITE_RECURSION = YES;
				CLANG_WARN_INT_CONVERSION = YES;
				CLANG_WARN_NON_LITERAL_NULL_CONVERSION = YES;
				CLANG_WARN_OBJC_IMPLICIT_RETAIN_SELF = YES;
				CLANG_WARN_OBJC_LITERAL_CONVERSION = YES;
				CLANG_WARN_OBJC_ROOT_CLASS = YES_ERROR;
				CLANG_WARN_QUOTED_INCLUDE_IN_FRAMEWORK_HEADER = YES;
				CLANG_WARN_RANGE_LOOP_ANALYSIS = YES;
				CLANG_WARN_STRICT_PROTOTYPES = YES;
				CLANG_WARN_SUSPICIOUS_MOVE = YES;
				CLANG_WARN_UNGUARDED_AVAILABILITY = YES_AGGRESSIVE;
				CLANG_WARN_UNREACHABLE_CODE = YES;
				CLANG_WARN__DUPLICATE_METHOD_MATCH = YES;
				COPY_PHASE_STRIP = NO;
				DEBUG_INFORMATION_FORMAT = dwarf;
				ENABLE_STRICT_OBJC_MSGSEND = YES;
				ENABLE_TESTABILITY = YES;
				ENABLE_USER_SCRIPT_SANDBOXING = YES;
				GCC_C_LANGUAGE_STANDARD = gnu17;
				GCC_DYNAMIC_NO_PIC = NO;
				GCC_NO_COMMON_BLOCKS = YES;
				GCC_OPTIMIZATION_LEVEL = 0;
				GCC_PREPROCESSOR_DEFINITIONS = (
					"DEBUG=1",
					"$(inherited)",
				);
				GCC_WARN_64_TO_32_BIT_CONVERSION = YES;
				GCC_WARN_ABOUT_RETURN_TYPE = YES_ERROR;
				GCC_WARN_UNDECLARED_SELECTOR = YES;
				GCC_WARN_UNINITIALIZED_AUTOS = YES_AGGRESSIVE;
				GCC_WARN_UNUSED_FUNCTION = YES;
				GCC_WARN_UNUSED_VARIABLE = YES;
				IPHONEOS_DEPLOYMENT_TARGET = 18.0;
				LOCALIZATION_PREFERS_STRING_CATALOGS = YES;
				MTL_ENABLE_DEBUG_INFO = INCLUDE_SOURCE;
				MTL_FAST_MATH = YES;
				ONLY_ACTIVE_ARCH = YES;
				SDKROOT = iphoneos;
				SWIFT_ACTIVE_COMPILATION_CONDITIONS = "DEBUG $(inherited)";
				SWIFT_OPTIMIZATION_LEVEL = "-Onone";
			};
			name = Debug;
		};
		0052AC3F2DA6C7D900D4BBDC /* Release */ = {
			isa = XCBuildConfiguration;
			buildSettings = {
				ALWAYS_SEARCH_USER_PATHS = NO;
				ASSETCATALOG_COMPILER_GENERATE_SWIFT_ASSET_SYMBOL_EXTENSIONS = YES;
				CLANG_ANALYZER_NONNULL = YES;
				CLANG_ANALYZER_NUMBER_OBJECT_CONVERSION = YES_AGGRESSIVE;
				CLANG_CXX_LANGUAGE_STANDARD = "gnu++20";
				CLANG_ENABLE_MODULES = YES;
				CLANG_ENABLE_OBJC_ARC = YES;
				CLANG_ENABLE_OBJC_WEAK = YES;
				CLANG_WARN_BLOCK_CAPTURE_AUTORELEASING = YES;
				CLANG_WARN_BOOL_CONVERSION = YES;
				CLANG_WARN_COMMA = YES;
				CLANG_WARN_CONSTANT_CONVERSION = YES;
				CLANG_WARN_DEPRECATED_OBJC_IMPLEMENTATIONS = YES;
				CLANG_WARN_DIRECT_OBJC_ISA_USAGE = YES_ERROR;
				CLANG_WARN_DOCUMENTATION_COMMENTS = YES;
				CLANG_WARN_EMPTY_BODY = YES;
				CLANG_WARN_ENUM_CONVERSION = YES;
				CLANG_WARN_INFINITE_RECURSION = YES;
				CLANG_WARN_INT_CONVERSION = YES;
				CLANG_WARN_NON_LITERAL_NULL_CONVERSION = YES;
				CLANG_WARN_OBJC_IMPLICIT_RETAIN_SELF = YES;
				CLANG_WARN_OBJC_LITERAL_CONVERSION = YES;
				CLANG_WARN_OBJC_ROOT_CLASS = YES_ERROR;
				CLANG_WARN_QUOTED_INCLUDE_IN_FRAMEWORK_HEADER = YES;
				CLANG_WARN_RANGE_LOOP_ANALYSIS = YES;
				CLANG_WARN_STRICT_PROTOTYPES = YES;
				CLANG_WARN_SUSPICIOUS_MOVE = YES;
				CLANG_WARN_UNGUARDED_AVAILABILITY = YES_AGGRESSIVE;
				CLANG_WARN_UNREACHABLE_CODE = YES;
				CLANG_WARN__DUPLICATE_METHOD_MATCH = YES;
				COPY_PHASE_STRIP = NO;
				DEBUG_INFORMATION_FORMAT = "dwarf-with-dsym";
				ENABLE_NS_ASSERTIONS = NO;
				ENABLE_STRICT_OBJC_MSGSEND = YES;
				ENABLE_USER_SCRIPT_SANDBOXING = YES;
				GCC_C_LANGUAGE_STANDARD = gnu17;
				GCC_NO_COMMON_BLOCKS = YES;
				GCC_WARN_64_TO_32_BIT_CONVERSION = YES;
				GCC_WARN_ABOUT_RETURN_TYPE = YES_ERROR;
				GCC_WARN_UNDECLARED_SELECTOR = YES;
				GCC_WARN_UNINITIALIZED_AUTOS = YES_AGGRESSIVE;
				GCC_WARN_UNUSED_FUNCTION = YES;
				GCC_WARN_UNUSED_VARIABLE = YES;
				IPHONEOS_DEPLOYMENT_TARGET = 18.0;
				LOCALIZATION_PREFERS_STRING_CATALOGS = YES;
				MTL_ENABLE_DEBUG_INFO = NO;
				MTL_FAST_MATH = YES;
				SDKROOT = iphoneos;
				SWIFT_COMPILATION_MODE = wholemodule;
				VALIDATE_PRODUCT = YES;
			};
			name = Release;
		};
		0052AC412DA6C7D900D4BBDC /* Debug */ = {
			isa = XCBuildConfiguration;
			buildSettings = {
				ASSETCATALOG_COMPILER_APPICON_NAME = AppIcon;
				ASSETCATALOG_COMPILER_GLOBAL_ACCENT_COLOR_NAME = AccentColor;
				CODE_SIGN_STYLE = Automatic;
				CURRENT_PROJECT_VERSION = 1;
				DEVELOPMENT_ASSET_PATHS = "";
				DEVELOPMENT_TEAM = ZHQ4M69WVH;
				ENABLE_PREVIEWS = YES;
				GENERATE_INFOPLIST_FILE = YES;
				INFOPLIST_KEY_UIApplicationSceneManifest_Generation = YES;
				INFOPLIST_KEY_UIApplicationSupportsIndirectInputEvents = YES;
				INFOPLIST_KEY_UILaunchScreen_Generation = YES;
				INFOPLIST_KEY_UISupportedInterfaceOrientations_iPad = "UIInterfaceOrientationPortrait UIInterfaceOrientationPortraitUpsideDown UIInterfaceOrientationLandscapeLeft UIInterfaceOrientationLandscapeRight";
				INFOPLIST_KEY_UISupportedInterfaceOrientations_iPhone = "UIInterfaceOrientationPortrait UIInterfaceOrientationLandscapeLeft UIInterfaceOrientationLandscapeRight";
				LD_RUNPATH_SEARCH_PATHS = (
					"$(inherited)",
					"@executable_path/Frameworks",
				);
				MARKETING_VERSION = 1.0;
				PRODUCT_BUNDLE_IDENTIFIER = com.trading.panda.CryptoTradingDemo;
				PRODUCT_NAME = "$(TARGET_NAME)";
				SWIFT_EMIT_LOC_STRINGS = YES;
				SWIFT_VERSION = 5.0;
				TARGETED_DEVICE_FAMILY = "1,2";
			};
			name = Debug;
		};
		0052AC422DA6C7D900D4BBDC /* Release */ = {
			isa = XCBuildConfiguration;
			buildSettings = {
				ASSETCATALOG_COMPILER_APPICON_NAME = AppIcon;
				ASSETCATALOG_COMPILER_GLOBAL_ACCENT_COLOR_NAME = AccentColor;
				CODE_SIGN_STYLE = Automatic;
				CURRENT_PROJECT_VERSION = 1;
				DEVELOPMENT_ASSET_PATHS = "";
				DEVELOPMENT_TEAM = ZHQ4M69WVH;
				ENABLE_PREVIEWS = YES;
				GENERATE_INFOPLIST_FILE = YES;
				INFOPLIST_KEY_UIApplicationSceneManifest_Generation = YES;
				INFOPLIST_KEY_UIApplicationSupportsIndirectInputEvents = YES;
				INFOPLIST_KEY_UILaunchScreen_Generation = YES;
				INFOPLIST_KEY_UISupportedInterfaceOrientations_iPad = "UIInterfaceOrientationPortrait UIInterfaceOrientationPortraitUpsideDown UIInterfaceOrientationLandscapeLeft UIInterfaceOrientationLandscapeRight";
				INFOPLIST_KEY_UISupportedInterfaceOrientations_iPhone = "UIInterfaceOrientationPortrait UIInterfaceOrientationLandscapeLeft UIInterfaceOrientationLandscapeRight";
				LD_RUNPATH_SEARCH_PATHS = (
					"$(inherited)",
					"@executable_path/Frameworks",
				);
				MARKETING_VERSION = 1.0;
				PRODUCT_BUNDLE_IDENTIFIER = com.trading.panda.CryptoTradingDemo;
				PRODUCT_NAME = "$(TARGET_NAME)";
				SWIFT_EMIT_LOC_STRINGS = YES;
				SWIFT_VERSION = 5.0;
				TARGETED_DEVICE_FAMILY = "1,2";
			};
			name = Release;
		};
		0052AC442DA6C7D900D4BBDC /* Debug */ = {
			isa = XCBuildConfiguration;
			buildSettings = {
				BUNDLE_LOADER = "$(TEST_HOST)";
				CODE_SIGN_STYLE = Automatic;
				CURRENT_PROJECT_VERSION = 1;
				DEVELOPMENT_TEAM = ZHQ4M69WVH;
				GENERATE_INFOPLIST_FILE = YES;
				IPHONEOS_DEPLOYMENT_TARGET = 18.0;
				MARKETING_VERSION = 1.0;
				PRODUCT_BUNDLE_IDENTIFIER = com.trading.panda.CryptoTradingDemoTests;
				PRODUCT_NAME = "$(TARGET_NAME)";
				SWIFT_EMIT_LOC_STRINGS = NO;
				SWIFT_VERSION = 5.0;
				TARGETED_DEVICE_FAMILY = "1,2";
				TEST_HOST = "$(BUILT_PRODUCTS_DIR)/CryptoTradingDemo.app/$(BUNDLE_EXECUTABLE_FOLDER_PATH)/CryptoTradingDemo";
			};
			name = Debug;
		};
		0052AC452DA6C7D900D4BBDC /* Release */ = {
			isa = XCBuildConfiguration;
			buildSettings = {
				BUNDLE_LOADER = "$(TEST_HOST)";
				CODE_SIGN_STYLE = Automatic;
				CURRENT_PROJECT_VERSION = 1;
				DEVELOPMENT_TEAM = ZHQ4M69WVH;
				GENERATE_INFOPLIST_FILE = YES;
				IPHONEOS_DEPLOYMENT_TARGET = 18.0;
				MARKETING_VERSION = 1.0;
				PRODUCT_BUNDLE_IDENTIFIER = com.trading.panda.CryptoTradingDemoTests;
				PRODUCT_NAME = "$(TARGET_NAME)";
				SWIFT_EMIT_LOC_STRINGS = NO;
				SWIFT_VERSION = 5.0;
				TARGETED_DEVICE_FAMILY = "1,2";
				TEST_HOST = "$(BUILT_PRODUCTS_DIR)/CryptoTradingDemo.app/$(BUNDLE_EXECUTABLE_FOLDER_PATH)/CryptoTradingDemo";
			};
			name = Release;
		};
		0052AC472DA6C7D900D4BBDC /* Debug */ = {
			isa = XCBuildConfiguration;
			buildSettings = {
				CODE_SIGN_STYLE = Automatic;
				CURRENT_PROJECT_VERSION = 1;
				DEVELOPMENT_TEAM = ZHQ4M69WVH;
				GENERATE_INFOPLIST_FILE = YES;
				MARKETING_VERSION = 1.0;
				PRODUCT_BUNDLE_IDENTIFIER = com.trading.panda.CryptoTradingDemoUITests;
				PRODUCT_NAME = "$(TARGET_NAME)";
				SWIFT_EMIT_LOC_STRINGS = NO;
				SWIFT_VERSION = 5.0;
				TARGETED_DEVICE_FAMILY = "1,2";
				TEST_TARGET_NAME = CryptoTradingDemo;
			};
			name = Debug;
		};
		0052AC482DA6C7D900D4BBDC /* Release */ = {
			isa = XCBuildConfiguration;
			buildSettings = {
				CODE_SIGN_STYLE = Automatic;
				CURRENT_PROJECT_VERSION = 1;
				DEVELOPMENT_TEAM = ZHQ4M69WVH;
				GENERATE_INFOPLIST_FILE = YES;
				MARKETING_VERSION = 1.0;
				PRODUCT_BUNDLE_IDENTIFIER = com.trading.panda.CryptoTradingDemoUITests;
				PRODUCT_NAME = "$(TARGET_NAME)";
				SWIFT_EMIT_LOC_STRINGS = NO;
				SWIFT_VERSION = 5.0;
				TARGETED_DEVICE_FAMILY = "1,2";
				TEST_TARGET_NAME = CryptoTradingDemo;
			};
			name = Release;
		};
/* End XCBuildConfiguration section */

/* Begin XCConfigurationList section */
		0052AC172DA6C7D800D4BBDC /* Build configuration list for PBXProject "CryptoTradingDemo" */ = {
			isa = XCConfigurationList;
			buildConfigurations = (
				0052AC3E2DA6C7D900D4BBDC /* Debug */,
				0052AC3F2DA6C7D900D4BBDC /* Release */,
			);
			defaultConfigurationIsVisible = 0;
			defaultConfigurationName = Release;
		};
		0052AC402DA6C7D900D4BBDC /* Build configuration list for PBXNativeTarget "CryptoTradingDemo" */ = {
			isa = XCConfigurationList;
			buildConfigurations = (
				0052AC412DA6C7D900D4BBDC /* Debug */,
				0052AC422DA6C7D900D4BBDC /* Release */,
			);
			defaultConfigurationIsVisible = 0;
			defaultConfigurationName = Release;
		};
		0052AC432DA6C7D900D4BBDC /* Build configuration list for PBXNativeTarget "CryptoTradingDemoTests" */ = {
			isa = XCConfigurationList;
			buildConfigurations = (
				0052AC442DA6C7D900D4BBDC /* Debug */,
				0052AC452DA6C7D900D4BBDC /* Release */,
			);
			defaultConfigurationIsVisible = 0;
			defaultConfigurationName = Release;
		};
		0052AC462DA6C7D900D4BBDC /* Build configuration list for PBXNativeTarget "CryptoTradingDemoUITests" */ = {
			isa = XCConfigurationList;
			buildConfigurations = (
				0052AC472DA6C7D900D4BBDC /* Debug */,
				0052AC482DA6C7D900D4BBDC /* Release */,
			);
			defaultConfigurationIsVisible = 0;
			defaultConfigurationName = Release;
		};
/* End XCConfigurationList section */

/* Begin XCRemoteSwiftPackageReference section */
		00F47F532DB3FC2500F6F9F1 /* XCRemoteSwiftPackageReference "realm-swift" */ = {
			isa = XCRemoteSwiftPackageReference;
			repositoryURL = "https://github.com/realm/realm-swift.git";
			requirement = {
				branch = master;
				kind = branch;
			};
		};
		F0B2EEC62DA9280500F8D323 /* XCRemoteSwiftPackageReference "LightweightChartsIOS" */ = {
			isa = XCRemoteSwiftPackageReference;
			repositoryURL = "https://github.com/tradingview/LightweightChartsIOS.git";
			requirement = {
				kind = upToNextMajorVersion;
				minimumVersion = 4.0.0;
			};
		};
		F0B2EEC92DA9285000F8D323 /* XCRemoteSwiftPackageReference "Starscream" */ = {
			isa = XCRemoteSwiftPackageReference;
			repositoryURL = "https://github.com/daltoniam/Starscream.git";
			requirement = {
				kind = upToNextMajorVersion;
				minimumVersion = 4.0.8;
			};
		};
/* End XCRemoteSwiftPackageReference section */

/* Begin XCSwiftPackageProductDependency section */
		00F47F542DB3FC2500F6F9F1 /* RealmSwift */ = {
			isa = XCSwiftPackageProductDependency;
			package = 00F47F532DB3FC2500F6F9F1 /* XCRemoteSwiftPackageReference "realm-swift" */;
			productName = RealmSwift;
		};
		F0B2EEC72DA9280500F8D323 /* LightweightCharts */ = {
			isa = XCSwiftPackageProductDependency;
			package = F0B2EEC62DA9280500F8D323 /* XCRemoteSwiftPackageReference "LightweightChartsIOS" */;
			productName = LightweightCharts;
		};
		F0B2EECA2DA9285000F8D323 /* Starscream */ = {
			isa = XCSwiftPackageProductDependency;
			package = F0B2EEC92DA9285000F8D323 /* XCRemoteSwiftPackageReference "Starscream" */;
			productName = Starscream;
		};
/* End XCSwiftPackageProductDependency section */
	};
	rootObject = 0052AC142DA6C7D800D4BBDC /* Project object */;
}
